
Microsoft Visual Studio Solution File, Format Version 12.00
# Visual Studio Version 17
VisualStudioVersion = 17.14.36401.2 d17.14
MinimumVisualStudioVersion = 10.0.40219.1
Project("{FAE04EC0-301F-11D3-BF4B-00C04F79EFBC}") = "SacksDataLayer", "SacksDataLayer\SacksDataLayer.csproj", "{8E523307-79E2-44A7-9D0D-A20C55FCC04C}"
EndProject
Global
	GlobalSection(SolutionConfigurationPlatforms) = preSolution
		Debug|Any CPU = Debug|Any CPU
		Release|Any CPU = Release|Any CPU
	EndGlobalSection
	GlobalSection(ProjectConfigurationPlatforms) = postSolution
		{8E523307-79E2-44A7-9D0D-A20C55FCC04C}.Debug|Any CPU.ActiveCfg = Debug|Any CPU
		{8E523307-79E2-44A7-9D0D-A20C55FCC04C}.Debug|Any CPU.Build.0 = Debug|Any CPU
		{8E523307-79E2-44A7-9D0D-A20C55FCC04C}.Release|Any CPU.ActiveCfg = Release|Any CPU
		{8E523307-79E2-44A7-9D0D-A20C55FCC04C}.Release|Any CPU.Build.0 = Release|Any CPU
	EndGlobalSection
	GlobalSection(SolutionProperties) = preSolution
		HideSolutionNode = FALSE
	EndGlobalSection
	GlobalSection(ExtensibilityGlobals) = postSolution
		SolutionGuid = {83BDD922-EBEF-4B1E-AB9C-1FA380CFB57B}
	EndGlobalSection
EndGlobal
